{
  "name": "MZ-portfolio",
  "version": "1.0.0",
  "lockfileVersion": 1,
  "requires": true,
  "dependencies": {
    "ng": {
      "version": "0.0.0",
      "resolved": "https://registry.npmjs.org/ng/-/ng-0.0.0.tgz",
      "integrity": "sha512-HwR40IBJa1ZU+CIGyuy7vSCN3xFYlSRfw5eIwwKOdOMNNNIl8KhT6PXKmHuFEFYpfrbOMaCYtr4QOJ3gkkubcg=="
    },
    "ng-sidebar": {
      "version": "9.2.0",
      "resolved": "https://registry.npmjs.org/ng-sidebar/-/ng-sidebar-9.2.0.tgz",
      "integrity": "sha512-3Y6GGdi/LylmZZVUan9NJgR7pv9qnrSymCMYSUXzddC0US2RnWNiCBnPdJvqiwrjq8zmY3xwwaydYiZ1U0zjgg=="
    }
  }
}
